
Microsoft Visual Studio Solution File, Format Version 12.00
# Visual Studio 2012
Project("{FAE04EC0-301F-11D3-BF4B-00C04F79EFBC}") = "ADLiveTrading", "ADLiveTrading\ADLiveTrading.csproj", "{C4712A2C-4F97-4CA7-AB1A-D4F428A81B68}"
EndProject
Project("{FAE04EC0-301F-11D3-BF4B-00C04F79EFBC}") = "ADLiveTradingUnitTests", "ADLiveTradingUnitTests\ADLiveTradingUnitTests.csproj", "{3C30A089-22E0-40E4-B151-DD38D3806C87}"
EndProject
Global
	GlobalSection(SolutionConfigurationPlatforms) = preSolution
		Debug|Any CPU = Debug|Any CPU
		Debug|Mixed Platforms = Debug|Mixed Platforms
		Debug|x86 = Debug|x86
		Release|Any CPU = Release|Any CPU
		Release|Mixed Platforms = Release|Mixed Platforms
		Release|x86 = Release|x86
	EndGlobalSection
	GlobalSection(ProjectConfigurationPlatforms) = postSolution
		{C4712A2C-4F97-4CA7-AB1A-D4F428A81B68}.Debug|Any CPU.ActiveCfg = Debug|Any CPU
		{C4712A2C-4F97-4CA7-AB1A-D4F428A81B68}.Debug|Any CPU.Build.0 = Debug|Any CPU
		{C4712A2C-4F97-4CA7-AB1A-D4F428A81B68}.Debug|Mixed Platforms.ActiveCfg = Debug|Any CPU
		{C4712A2C-4F97-4CA7-AB1A-D4F428A81B68}.Debug|Mixed Platforms.Build.0 = Debug|Any CPU
		{C4712A2C-4F97-4CA7-AB1A-D4F428A81B68}.Debug|x86.ActiveCfg = Debug|Any CPU
		{C4712A2C-4F97-4CA7-AB1A-D4F428A81B68}.Release|Any CPU.ActiveCfg = Release|Any CPU
		{C4712A2C-4F97-4CA7-AB1A-D4F428A81B68}.Release|Any CPU.Build.0 = Release|Any CPU
		{C4712A2C-4F97-4CA7-AB1A-D4F428A81B68}.Release|Mixed Platforms.ActiveCfg = Release|Any CPU
		{C4712A2C-4F97-4CA7-AB1A-D4F428A81B68}.Release|Mixed Platforms.Build.0 = Release|Any CPU
		{C4712A2C-4F97-4CA7-AB1A-D4F428A81B68}.Release|x86.ActiveCfg = Release|Any CPU
		{3C30A089-22E0-40E4-B151-DD38D3806C87}.Debug|Any CPU.ActiveCfg = Debug|Any CPU
		{3C30A089-22E0-40E4-B151-DD38D3806C87}.Debug|Mixed Platforms.ActiveCfg = Debug|Any CPU
		{3C30A089-22E0-40E4-B151-DD38D3806C87}.Debug|Mixed Platforms.Build.0 = Debug|Any CPU
		{3C30A089-22E0-40E4-B151-DD38D3806C87}.Debug|x86.ActiveCfg = Debug|Any CPU
		{3C30A089-22E0-40E4-B151-DD38D3806C87}.Release|Any CPU.ActiveCfg = Release|Any CPU
		{3C30A089-22E0-40E4-B151-DD38D3806C87}.Release|Any CPU.Build.0 = Release|Any CPU
		{3C30A089-22E0-40E4-B151-DD38D3806C87}.Release|Mixed Platforms.ActiveCfg = Release|Any CPU
		{3C30A089-22E0-40E4-B151-DD38D3806C87}.Release|x86.ActiveCfg = Release|Any CPU
	EndGlobalSection
	GlobalSection(SolutionProperties) = preSolution
		HideSolutionNode = FALSE
	EndGlobalSection
	GlobalSection(ExtensibilityGlobals) = postSolution
		VisualSVNWorkingCopyRoot = .
	EndGlobalSection
EndGlobal
